
Microsoft Visual Studio Solution File, Format Version 12.00
# Visual Studio Version 16
VisualStudioVersion = 16.0.31624.102
MinimumVisualStudioVersion = 10.0.40219.1
Project("{FAE04EC0-301F-11D3-BF4B-00C04F79EFBC}") = "lektionsuppgift__02-09-21", "lektionsuppgift__02-09-21\lektionsuppgift__02-09-21.csproj", "{A5CA74DF-A4C0-4E29-8DF9-0BFD00B3401E}"
EndProject
Global
	GlobalSection(SolutionConfigurationPlatforms) = preSolution
		Debug|Any CPU = Debug|Any CPU
		Release|Any CPU = Release|Any CPU
	EndGlobalSection
	GlobalSection(ProjectConfigurationPlatforms) = postSolution
		{A5CA74DF-A4C0-4E29-8DF9-0BFD00B3401E}.Debug|Any CPU.ActiveCfg = Debug|Any CPU
		{A5CA74DF-A4C0-4E29-8DF9-0BFD00B3401E}.Debug|Any CPU.Build.0 = Debug|Any CPU
		{A5CA74DF-A4C0-4E29-8DF9-0BFD00B3401E}.Release|Any CPU.ActiveCfg = Release|Any CPU
		{A5CA74DF-A4C0-4E29-8DF9-0BFD00B3401E}.Release|Any CPU.Build.0 = Release|Any CPU
	EndGlobalSection
	GlobalSection(SolutionProperties) = preSolution
		HideSolutionNode = FALSE
	EndGlobalSection
	GlobalSection(ExtensibilityGlobals) = postSolution
		SolutionGuid = {AD6625FA-EA41-4AA7-BC6E-3FFF386EDB05}
	EndGlobalSection
EndGlobal
