
Microsoft Visual Studio Solution File, Format Version 12.00
# Visual Studio Version 16
VisualStudioVersion = 16.0.31624.102
MinimumVisualStudioVersion = 10.0.40219.1
Project("{FAE04EC0-301F-11D3-BF4B-00C04F79EFBC}") = "UppgiftB_03-09-21", "UppgiftB_03-09-21\UppgiftB_03-09-21.csproj", "{587A3438-D20E-430E-A3D6-07AFD0DDE9BD}"
EndProject
Global
	GlobalSection(SolutionConfigurationPlatforms) = preSolution
		Debug|Any CPU = Debug|Any CPU
		Release|Any CPU = Release|Any CPU
	EndGlobalSection
	GlobalSection(ProjectConfigurationPlatforms) = postSolution
		{587A3438-D20E-430E-A3D6-07AFD0DDE9BD}.Debug|Any CPU.ActiveCfg = Debug|Any CPU
		{587A3438-D20E-430E-A3D6-07AFD0DDE9BD}.Debug|Any CPU.Build.0 = Debug|Any CPU
		{587A3438-D20E-430E-A3D6-07AFD0DDE9BD}.Release|Any CPU.ActiveCfg = Release|Any CPU
		{587A3438-D20E-430E-A3D6-07AFD0DDE9BD}.Release|Any CPU.Build.0 = Release|Any CPU
	EndGlobalSection
	GlobalSection(SolutionProperties) = preSolution
		HideSolutionNode = FALSE
	EndGlobalSection
	GlobalSection(ExtensibilityGlobals) = postSolution
		SolutionGuid = {A7E0831C-DE8A-4ED5-9626-FD83860B7245}
	EndGlobalSection
EndGlobal
